
Microsoft Visual Studio Solution File, Format Version 12.00
# Visual Studio Version 17
VisualStudioVersion = 17.0.31903.59
MinimumVisualStudioVersion = 10.0.40219.1
Project("{FAE04EC0-301F-11D3-BF4B-00C04F79EFBC}") = "API", "API\API.csproj", "{CABEE7FB-CF0A-43F2-818C-C949267612CC}"
EndProject
Project("{FAE04EC0-301F-11D3-BF4B-00C04F79EFBC}") = "Core", "Core\Core.csproj", "{9BC9D3AA-B2A7-4CC8-8EC8-2EF882EB5F24}"
EndProject
Project("{FAE04EC0-301F-11D3-BF4B-00C04F79EFBC}") = "Infrastructure", "Infrastructure\Infrastructure.csproj", "{8A2E10DF-7E98-42D8-907B-E6D10C80644E}"
EndProject
Global
	GlobalSection(SolutionConfigurationPlatforms) = preSolution
		Debug|Any CPU = Debug|Any CPU
		Release|Any CPU = Release|Any CPU
	EndGlobalSection
	GlobalSection(SolutionProperties) = preSolution
		HideSolutionNode = FALSE
	EndGlobalSection
	GlobalSection(ProjectConfigurationPlatforms) = postSolution
		{CABEE7FB-CF0A-43F2-818C-C949267612CC}.Debug|Any CPU.ActiveCfg = Debug|Any CPU
		{CABEE7FB-CF0A-43F2-818C-C949267612CC}.Debug|Any CPU.Build.0 = Debug|Any CPU
		{CABEE7FB-CF0A-43F2-818C-C949267612CC}.Release|Any CPU.ActiveCfg = Release|Any CPU
		{CABEE7FB-CF0A-43F2-818C-C949267612CC}.Release|Any CPU.Build.0 = Release|Any CPU
		{9BC9D3AA-B2A7-4CC8-8EC8-2EF882EB5F24}.Debug|Any CPU.ActiveCfg = Debug|Any CPU
		{9BC9D3AA-B2A7-4CC8-8EC8-2EF882EB5F24}.Debug|Any CPU.Build.0 = Debug|Any CPU
		{9BC9D3AA-B2A7-4CC8-8EC8-2EF882EB5F24}.Release|Any CPU.ActiveCfg = Release|Any CPU
		{9BC9D3AA-B2A7-4CC8-8EC8-2EF882EB5F24}.Release|Any CPU.Build.0 = Release|Any CPU
		{8A2E10DF-7E98-42D8-907B-E6D10C80644E}.Debug|Any CPU.ActiveCfg = Debug|Any CPU
		{8A2E10DF-7E98-42D8-907B-E6D10C80644E}.Debug|Any CPU.Build.0 = Debug|Any CPU
		{8A2E10DF-7E98-42D8-907B-E6D10C80644E}.Release|Any CPU.ActiveCfg = Release|Any CPU
		{8A2E10DF-7E98-42D8-907B-E6D10C80644E}.Release|Any CPU.Build.0 = Release|Any CPU
	EndGlobalSection
EndGlobal
